// !$*UTF8*$!
{
	archiveVersion = 1;
	classes = {
	};
	objectVersion = 46;
	objects = {

/* Begin PBXBuildFile section */
		1906E52B1CB1618D00FB93D5 /* main.m in Sources */ = {isa = PBXBuildFile; fileRef = 1906E52A1CB1618D00FB93D5 /* main.m */; };
		1906E52E1CB1618D00FB93D5 /* AppDelegate.m in Sources */ = {isa = PBXBuildFile; fileRef = 1906E52D1CB1618D00FB93D5 /* AppDelegate.m */; };
		1906E5311CB1618D00FB93D5 /* ViewController.m in Sources */ = {isa = PBXBuildFile; fileRef = 1906E5301CB1618D00FB93D5 /* ViewController.m */; };
		1906E5341CB1618D00FB93D5 /* Main.storyboard in Resources */ = {isa = PBXBuildFile; fileRef = 1906E5321CB1618D00FB93D5 /* Main.storyboard */; };
		1906E5361CB1618D00FB93D5 /* Assets.xcassets in Resources */ = {isa = PBXBuildFile; fileRef = 1906E5351CB1618D00FB93D5 /* Assets.xcassets */; };
		1906E5391CB1618D00FB93D5 /* LaunchScreen.storyboard in Resources */ = {isa = PBXBuildFile; fileRef = 1906E5371CB1618D00FB93D5 /* LaunchScreen.storyboard */; };
		1906E5441CB1618D00FB93D5 /* testhuanxinTests.m in Sources */ = {isa = PBXBuildFile; fileRef = 1906E5431CB1618D00FB93D5 /* testhuanxinTests.m */; };
		1906E54F1CB1618D00FB93D5 /* testhuanxinUITests.m in Sources */ = {isa = PBXBuildFile; fileRef = 1906E54E1CB1618D00FB93D5 /* testhuanxinUITests.m */; };
		1906E5891CB168B400FB93D5 /* CoreMedia.framework in Frameworks */ = {isa = PBXBuildFile; fileRef = 1906E5881CB168B400FB93D5 /* CoreMedia.framework */; };
		1906E58B1CB168BF00FB93D5 /* AudioToolbox.framework in Frameworks */ = {isa = PBXBuildFile; fileRef = 1906E58A1CB168BF00FB93D5 /* AudioToolbox.framework */; };
		1906E58D1CB168C600FB93D5 /* AVFoundation.framework in Frameworks */ = {isa = PBXBuildFile; fileRef = 1906E58C1CB168C600FB93D5 /* AVFoundation.framework */; };
		1906E58F1CB168D000FB93D5 /* MobileCoreServices.framework in Frameworks */ = {isa = PBXBuildFile; fileRef = 1906E58E1CB168D000FB93D5 /* MobileCoreServices.framework */; };
		1906E5911CB168D800FB93D5 /* ImageIO.framework in Frameworks */ = {isa = PBXBuildFile; fileRef = 1906E5901CB168D800FB93D5 /* ImageIO.framework */; };
		1906E5931CB168E000FB93D5 /* SystemConfiguration.framework in Frameworks */ = {isa = PBXBuildFile; fileRef = 1906E5921CB168E000FB93D5 /* SystemConfiguration.framework */; };
		1906E5951CB168E800FB93D5 /* libc++.tbd in Frameworks */ = {isa = PBXBuildFile; fileRef = 1906E5941CB168E800FB93D5 /* libc++.tbd */; };
		1906E5971CB168F000FB93D5 /* libresolv.tbd in Frameworks */ = {isa = PBXBuildFile; fileRef = 1906E5961CB168F000FB93D5 /* libresolv.tbd */; };
		1906E5991CB168F600FB93D5 /* libz.tbd in Frameworks */ = {isa = PBXBuildFile; fileRef = 1906E5981CB168F600FB93D5 /* libz.tbd */; };
		1906E59B1CB1690000FB93D5 /* libstdc++.6.0.9.tbd in Frameworks */ = {isa = PBXBuildFile; fileRef = 1906E59A1CB1690000FB93D5 /* libstdc++.6.0.9.tbd */; };
		1906E59D1CB1690800FB93D5 /* libsqlite3.tbd in Frameworks */ = {isa = PBXBuildFile; fileRef = 1906E59C1CB1690800FB93D5 /* libsqlite3.tbd */; };
		1906E59F1CB16A2000FB93D5 /* libHyphenateSDK.a in Frameworks */ = {isa = PBXBuildFile; fileRef = 1906E59E1CB16A2000FB93D5 /* libHyphenateSDK.a */; };
		19650D1E1CD9ECF700A8CC81 /* AddFriendViewController.m in Sources */ = {isa = PBXBuildFile; fileRef = 19650D1D1CD9ECF700A8CC81 /* AddFriendViewController.m */; };
		19650D211CD9F28200A8CC81 /* FriendsViewController.m in Sources */ = {isa = PBXBuildFile; fileRef = 19650D201CD9F28200A8CC81 /* FriendsViewController.m */; };
		198977531CDBAA0000F0E8DF /* BadgeButton.m in Sources */ = {isa = PBXBuildFile; fileRef = 198977521CDBAA0000F0E8DF /* BadgeButton.m */; };
		198977561CDC1AC000F0E8DF /* GYHTimeTool.m in Sources */ = {isa = PBXBuildFile; fileRef = 198977551CDC1AC000F0E8DF /* GYHTimeTool.m */; };
		198977681CDC1CBF00F0E8DF /* ChatViewController.m in Sources */ = {isa = PBXBuildFile; fileRef = 198977591CDC1CBF00F0E8DF /* ChatViewController.m */; };
		198977691CDC1CBF00F0E8DF /* HyperlinksButton.m in Sources */ = {isa = PBXBuildFile; fileRef = 1989775C1CDC1CBF00F0E8DF /* HyperlinksButton.m */; };
		1989776A1CDC1CBF00F0E8DF /* AddView.m in Sources */ = {isa = PBXBuildFile; fileRef = 1989775F1CDC1CBF00F0E8DF /* AddView.m */; };
		1989776B1CDC1CBF00F0E8DF /* AddViewButton.m in Sources */ = {isa = PBXBuildFile; fileRef = 198977611CDC1CBF00F0E8DF /* AddViewButton.m */; };
		1989776C1CDC1CBF00F0E8DF /* MessageCell.m in Sources */ = {isa = PBXBuildFile; fileRef = 198977631CDC1CBF00F0E8DF /* MessageCell.m */; };
		1989776D1CDC1CBF00F0E8DF /* MessageImageCell.m in Sources */ = {isa = PBXBuildFile; fileRef = 198977651CDC1CBF00F0E8DF /* MessageImageCell.m */; };
		1989776E1CDC1CBF00F0E8DF /* MessageVideoCell.m in Sources */ = {isa = PBXBuildFile; fileRef = 198977671CDC1CBF00F0E8DF /* MessageVideoCell.m */; };
		198BB56B1CC3AE4300BCF62C /* LoginViewController.m in Sources */ = {isa = PBXBuildFile; fileRef = 198BB56A1CC3AE4300BCF62C /* LoginViewController.m */; };
		198BB5711CC3AE5900BCF62C /* ConverseViewController.m in Sources */ = {isa = PBXBuildFile; fileRef = 198BB5701CC3AE5900BCF62C /* ConverseViewController.m */; };
		198BB5751CC3AECE00BCF62C /* SettingViewController.m in Sources */ = {isa = PBXBuildFile; fileRef = 198BB5741CC3AECE00BCF62C /* SettingViewController.m */; };
		1999F52A1CC258230062CBD5 /* MBProgressHUD+gyh.m in Sources */ = {isa = PBXBuildFile; fileRef = 1999F5261CC258230062CBD5 /* MBProgressHUD+gyh.m */; };
		1999F52B1CC258230062CBD5 /* MBProgressHUD.bundle in Resources */ = {isa = PBXBuildFile; fileRef = 1999F5271CC258230062CBD5 /* MBProgressHUD.bundle */; };
		1999F52C1CC258230062CBD5 /* MBProgressHUD.m in Sources */ = {isa = PBXBuildFile; fileRef = 1999F5291CC258230062CBD5 /* MBProgressHUD.m */; };
		19AA0D101CD5B40200A5AEE5 /* TabbarButton.m in Sources */ = {isa = PBXBuildFile; fileRef = 19AA0D091CD5B40200A5AEE5 /* TabbarButton.m */; };
		19AA0D111CD5B40200A5AEE5 /* GYHNavigationController.m in Sources */ = {isa = PBXBuildFile; fileRef = 19AA0D0B1CD5B40200A5AEE5 /* GYHNavigationController.m */; };
		19AA0D121CD5B40200A5AEE5 /* TabbarView.m in Sources */ = {isa = PBXBuildFile; fileRef = 19AA0D0E1CD5B40200A5AEE5 /* TabbarView.m */; };
		19AA0D151CD5B41B00A5AEE5 /* GYHTabBarController.m in Sources */ = {isa = PBXBuildFile; fileRef = 19AA0D141CD5B41B00A5AEE5 /* GYHTabBarController.m */; };
		19AA0D1F1CD5B48D00A5AEE5 /* NSString+Extension.m in Sources */ = {isa = PBXBuildFile; fileRef = 19AA0D181CD5B48D00A5AEE5 /* NSString+Extension.m */; };
		19AA0D201CD5B48D00A5AEE5 /* UIBarButtonItem+gyh.m in Sources */ = {isa = PBXBuildFile; fileRef = 19AA0D1A1CD5B48D00A5AEE5 /* UIBarButtonItem+gyh.m */; };
		19AA0D211CD5B48D00A5AEE5 /* UIImage+Extension.m in Sources */ = {isa = PBXBuildFile; fileRef = 19AA0D1C1CD5B48D00A5AEE5 /* UIImage+Extension.m */; };
		19AA0D221CD5B48D00A5AEE5 /* UIView+Extension.m in Sources */ = {isa = PBXBuildFile; fileRef = 19AA0D1E1CD5B48D00A5AEE5 /* UIView+Extension.m */; };
/* End PBXBuildFile section */

/* Begin PBXContainerItemProxy section */
		1906E5401CB1618D00FB93D5 /* PBXContainerItemProxy */ = {
			isa = PBXContainerItemProxy;
			containerPortal = 1906E51E1CB1618D00FB93D5 /* Project object */;
			proxyType = 1;
			remoteGlobalIDString = 1906E5251CB1618D00FB93D5;
			remoteInfo = testhuanxin;
		};
		1906E54B1CB1618D00FB93D5 /* PBXContainerItemProxy */ = {
			isa = PBXContainerItemProxy;
			containerPortal = 1906E51E1CB1618D00FB93D5 /* Project object */;
			proxyType = 1;
			remoteGlobalIDString = 1906E5251CB1618D00FB93D5;
			remoteInfo = testhuanxin;
		};
/* End PBXContainerItemProxy section */

/* Begin PBXFileReference section */
		1906E5261CB1618D00FB93D5 /* testhuanxin.app */ = {isa = PBXFileReference; explicitFileType = wrapper.application; includeInIndex = 0; path = testhuanxin.app; sourceTree = BUILT_PRODUCTS_DIR; };
		1906E52A1CB1618D00FB93D5 /* main.m */ = {isa = PBXFileReference; lastKnownFileType = sourcecode.c.objc; path = main.m; sourceTree = "<group>"; };
		1906E52C1CB1618D00FB93D5 /* AppDelegate.h */ = {isa = PBXFileReference; lastKnownFileType = sourcecode.c.h; path = AppDelegate.h; sourceTree = "<group>"; };
		1906E52D1CB1618D00FB93D5 /* AppDelegate.m */ = {isa = PBXFileReference; lastKnownFileType = sourcecode.c.objc; path = AppDelegate.m; sourceTree = "<group>"; };
		1906E52F1CB1618D00FB93D5 /* ViewController.h */ = {isa = PBXFileReference; lastKnownFileType = sourcecode.c.h; path = ViewController.h; sourceTree = "<group>"; };
		1906E5301CB1618D00FB93D5 /* ViewController.m */ = {isa = PBXFileReference; lastKnownFileType = sourcecode.c.objc; path = ViewController.m; sourceTree = "<group>"; };
		1906E5331CB1618D00FB93D5 /* Base */ = {isa = PBXFileReference; lastKnownFileType = file.storyboard; name = Base; path = Base.lproj/Main.storyboard; sourceTree = "<group>"; };
		1906E5351CB1618D00FB93D5 /* Assets.xcassets */ = {isa = PBXFileReference; lastKnownFileType = folder.assetcatalog; path = Assets.xcassets; sourceTree = "<group>"; };
		1906E5381CB1618D00FB93D5 /* Base */ = {isa = PBXFileReference; lastKnownFileType = file.storyboard; name = Base; path = Base.lproj/LaunchScreen.storyboard; sourceTree = "<group>"; };
		1906E53A1CB1618D00FB93D5 /* Info.plist */ = {isa = PBXFileReference; lastKnownFileType = text.plist.xml; path = Info.plist; sourceTree = "<group>"; };
		1906E53F1CB1618D00FB93D5 /* testhuanxinTests.xctest */ = {isa = PBXFileReference; explicitFileType = wrapper.cfbundle; includeInIndex = 0; path = testhuanxinTests.xctest; sourceTree = BUILT_PRODUCTS_DIR; };
		1906E5431CB1618D00FB93D5 /* testhuanxinTests.m */ = {isa = PBXFileReference; lastKnownFileType = sourcecode.c.objc; path = testhuanxinTests.m; sourceTree = "<group>"; };
		1906E5451CB1618D00FB93D5 /* Info.plist */ = {isa = PBXFileReference; lastKnownFileType = text.plist.xml; path = Info.plist; sourceTree = "<group>"; };
		1906E54A1CB1618D00FB93D5 /* testhuanxinUITests.xctest */ = {isa = PBXFileReference; explicitFileType = wrapper.cfbundle; includeInIndex = 0; path = testhuanxinUITests.xctest; sourceTree = BUILT_PRODUCTS_DIR; };
		1906E54E1CB1618D00FB93D5 /* testhuanxinUITests.m */ = {isa = PBXFileReference; lastKnownFileType = sourcecode.c.objc; path = testhuanxinUITests.m; sourceTree = "<group>"; };
		1906E5501CB1618D00FB93D5 /* Info.plist */ = {isa = PBXFileReference; lastKnownFileType = text.plist.xml; path = Info.plist; sourceTree = "<group>"; };
		1906E55E1CB1678700FB93D5 /* EMCallLocalView.h */ = {isa = PBXFileReference; fileEncoding = 4; lastKnownFileType = sourcecode.c.h; path = EMCallLocalView.h; sourceTree = "<group>"; };
		1906E55F1CB1678700FB93D5 /* EMCallManagerDelegate.h */ = {isa = PBXFileReference; fileEncoding = 4; lastKnownFileType = sourcecode.c.h; path = EMCallManagerDelegate.h; sourceTree = "<group>"; };
		1906E5601CB1678700FB93D5 /* EMCallRemoteView.h */ = {isa = PBXFileReference; fileEncoding = 4; lastKnownFileType = sourcecode.c.h; path = EMCallRemoteView.h; sourceTree = "<group>"; };
		1906E5611CB1678700FB93D5 /* EMCallSession.h */ = {isa = PBXFileReference; fileEncoding = 4; lastKnownFileType = sourcecode.c.h; path = EMCallSession.h; sourceTree = "<group>"; };
		1906E5621CB1678700FB93D5 /* EMChatManagerDelegate.h */ = {isa = PBXFileReference; fileEncoding = 4; lastKnownFileType = sourcecode.c.h; path = EMChatManagerDelegate.h; sourceTree = "<group>"; };
		1906E5631CB1678700FB93D5 /* EMChatroom.h */ = {isa = PBXFileReference; fileEncoding = 4; lastKnownFileType = sourcecode.c.h; path = EMChatroom.h; sourceTree = "<group>"; };
		1906E5641CB1678700FB93D5 /* EMChatroomManagerDelegate.h */ = {isa = PBXFileReference; fileEncoding = 4; lastKnownFileType = sourcecode.c.h; path = EMChatroomManagerDelegate.h; sourceTree = "<group>"; };
		1906E5651CB1678700FB93D5 /* EMClient+Call.h */ = {isa = PBXFileReference; fileEncoding = 4; lastKnownFileType = sourcecode.c.h; path = "EMClient+Call.h"; sourceTree = "<group>"; };
		1906E5661CB1678700FB93D5 /* EMClient.h */ = {isa = PBXFileReference; fileEncoding = 4; lastKnownFileType = sourcecode.c.h; path = EMClient.h; sourceTree = "<group>"; };
		1906E5671CB1678700FB93D5 /* EMClientDelegate.h */ = {isa = PBXFileReference; fileEncoding = 4; lastKnownFileType = sourcecode.c.h; path = EMClientDelegate.h; sourceTree = "<group>"; };
		1906E5681CB1678700FB93D5 /* EMCmdMessageBody.h */ = {isa = PBXFileReference; fileEncoding = 4; lastKnownFileType = sourcecode.c.h; path = EMCmdMessageBody.h; sourceTree = "<group>"; };
		1906E5691CB1678700FB93D5 /* EMContactManagerDelegate.h */ = {isa = PBXFileReference; fileEncoding = 4; lastKnownFileType = sourcecode.c.h; path = EMContactManagerDelegate.h; sourceTree = "<group>"; };
		1906E56A1CB1678700FB93D5 /* EMConversation.h */ = {isa = PBXFileReference; fileEncoding = 4; lastKnownFileType = sourcecode.c.h; path = EMConversation.h; sourceTree = "<group>"; };
		1906E56B1CB1678700FB93D5 /* EMCursorResult.h */ = {isa = PBXFileReference; fileEncoding = 4; lastKnownFileType = sourcecode.c.h; path = EMCursorResult.h; sourceTree = "<group>"; };
		1906E56C1CB1678700FB93D5 /* EMError.h */ = {isa = PBXFileReference; fileEncoding = 4; lastKnownFileType = sourcecode.c.h; path = EMError.h; sourceTree = "<group>"; };
		1906E56D1CB1678700FB93D5 /* EMErrorCode.h */ = {isa = PBXFileReference; fileEncoding = 4; lastKnownFileType = sourcecode.c.h; path = EMErrorCode.h; sourceTree = "<group>"; };
		1906E56E1CB1678700FB93D5 /* EMFileMessageBody.h */ = {isa = PBXFileReference; fileEncoding = 4; lastKnownFileType = sourcecode.c.h; path = EMFileMessageBody.h; sourceTree = "<group>"; };
		1906E56F1CB1678700FB93D5 /* EMGroup.h */ = {isa = PBXFileReference; fileEncoding = 4; lastKnownFileType = sourcecode.c.h; path = EMGroup.h; sourceTree = "<group>"; };
		1906E5701CB1678700FB93D5 /* EMGroupManagerDelegate.h */ = {isa = PBXFileReference; fileEncoding = 4; lastKnownFileType = sourcecode.c.h; path = EMGroupManagerDelegate.h; sourceTree = "<group>"; };
		1906E5711CB1678700FB93D5 /* EMGroupOptions.h */ = {isa = PBXFileReference; fileEncoding = 4; lastKnownFileType = sourcecode.c.h; path = EMGroupOptions.h; sourceTree = "<group>"; };
		1906E5721CB1678700FB93D5 /* EMImageMessageBody.h */ = {isa = PBXFileReference; fileEncoding = 4; lastKnownFileType = sourcecode.c.h; path = EMImageMessageBody.h; sourceTree = "<group>"; };
		1906E5731CB1678700FB93D5 /* EMLocationMessageBody.h */ = {isa = PBXFileReference; fileEncoding = 4; lastKnownFileType = sourcecode.c.h; path = EMLocationMessageBody.h; sourceTree = "<group>"; };
		1906E5741CB1678700FB93D5 /* EMMessage.h */ = {isa = PBXFileReference; fileEncoding = 4; lastKnownFileType = sourcecode.c.h; path = EMMessage.h; sourceTree = "<group>"; };
		1906E5751CB1678700FB93D5 /* EMMessageBody.h */ = {isa = PBXFileReference; fileEncoding = 4; lastKnownFileType = sourcecode.c.h; path = EMMessageBody.h; sourceTree = "<group>"; };
		1906E5761CB1678700FB93D5 /* EMOptions+PrivateDeploy.h */ = {isa = PBXFileReference; fileEncoding = 4; lastKnownFileType = sourcecode.c.h; path = "EMOptions+PrivateDeploy.h"; sourceTree = "<group>"; };
		1906E5771CB1678700FB93D5 /* EMOptions.h */ = {isa = PBXFileReference; fileEncoding = 4; lastKnownFileType = sourcecode.c.h; path = EMOptions.h; sourceTree = "<group>"; };
		1906E5781CB1678700FB93D5 /* EMPushOptions.h */ = {isa = PBXFileReference; fileEncoding = 4; lastKnownFileType = sourcecode.c.h; path = EMPushOptions.h; sourceTree = "<group>"; };
		1906E5791CB1678700FB93D5 /* EMSDK.h */ = {isa = PBXFileReference; fileEncoding = 4; lastKnownFileType = sourcecode.c.h; path = EMSDK.h; sourceTree = "<group>"; };
		1906E57A1CB1678700FB93D5 /* EMSDKFull.h */ = {isa = PBXFileReference; fileEncoding = 4; lastKnownFileType = sourcecode.c.h; path = EMSDKFull.h; sourceTree = "<group>"; };
		1906E57B1CB1678700FB93D5 /* EMTextMessageBody.h */ = {isa = PBXFileReference; fileEncoding = 4; lastKnownFileType = sourcecode.c.h; path = EMTextMessageBody.h; sourceTree = "<group>"; };
		1906E57C1CB1678700FB93D5 /* EMVideoMessageBody.h */ = {isa = PBXFileReference; fileEncoding = 4; lastKnownFileType = sourcecode.c.h; path = EMVideoMessageBody.h; sourceTree = "<group>"; };
		1906E57D1CB1678700FB93D5 /* EMVoiceMessageBody.h */ = {isa = PBXFileReference; fileEncoding = 4; lastKnownFileType = sourcecode.c.h; path = EMVoiceMessageBody.h; sourceTree = "<group>"; };
		1906E57E1CB1678700FB93D5 /* IEMCallManager.h */ = {isa = PBXFileReference; fileEncoding = 4; lastKnownFileType = sourcecode.c.h; path = IEMCallManager.h; sourceTree = "<group>"; };
		1906E57F1CB1678700FB93D5 /* IEMChatManager.h */ = {isa = PBXFileReference; fileEncoding = 4; lastKnownFileType = sourcecode.c.h; path = IEMChatManager.h; sourceTree = "<group>"; };
		1906E5801CB1678700FB93D5 /* IEMChatroomManager.h */ = {isa = PBXFileReference; fileEncoding = 4; lastKnownFileType = sourcecode.c.h; path = IEMChatroomManager.h; sourceTree = "<group>"; };
		1906E5811CB1678700FB93D5 /* IEMContactManager.h */ = {isa = PBXFileReference; fileEncoding = 4; lastKnownFileType = sourcecode.c.h; path = IEMContactManager.h; sourceTree = "<group>"; };
		1906E5821CB1678700FB93D5 /* IEMGroupManager.h */ = {isa = PBXFileReference; fileEncoding = 4; lastKnownFileType = sourcecode.c.h; path = IEMGroupManager.h; sourceTree = "<group>"; };
		1906E5881CB168B400FB93D5 /* CoreMedia.framework */ = {isa = PBXFileReference; lastKnownFileType = wrapper.framework; name = CoreMedia.framework; path = System/Library/Frameworks/CoreMedia.framework; sourceTree = SDKROOT; };
		1906E58A1CB168BF00FB93D5 /* AudioToolbox.framework */ = {isa = PBXFileReference; lastKnownFileType = wrapper.framework; name = AudioToolbox.framework; path = System/Library/Frameworks/AudioToolbox.framework; sourceTree = SDKROOT; };
		1906E58C1CB168C600FB93D5 /* AVFoundation.framework */ = {isa = PBXFileReference; lastKnownFileType = wrapper.framework; name = AVFoundation.framework; path = System/Library/Frameworks/AVFoundation.framework; sourceTree = SDKROOT; };
		1906E58E1CB168D000FB93D5 /* MobileCoreServices.framework */ = {isa = PBXFileReference; lastKnownFileType = wrapper.framework; name = MobileCoreServices.framework; path = System/Library/Frameworks/MobileCoreServices.framework; sourceTree = SDKROOT; };
		1906E5901CB168D800FB93D5 /* ImageIO.framework */ = {isa = PBXFileReference; lastKnownFileType = wrapper.framework; name = ImageIO.framework; path = System/Library/Frameworks/ImageIO.framework; sourceTree = SDKROOT; };
		1906E5921CB168E000FB93D5 /* SystemConfiguration.framework */ = {isa = PBXFileReference; lastKnownFileType = wrapper.framework; name = SystemConfiguration.framework; path = System/Library/Frameworks/SystemConfiguration.framework; sourceTree = SDKROOT; };
		1906E5941CB168E800FB93D5 /* libc++.tbd */ = {isa = PBXFileReference; lastKnownFileType = "sourcecode.text-based-dylib-definition"; name = "libc++.tbd"; path = "usr/lib/libc++.tbd"; sourceTree = SDKROOT; };
		1906E5961CB168F000FB93D5 /* libresolv.tbd */ = {isa = PBXFileReference; lastKnownFileType = "sourcecode.text-based-dylib-definition"; name = libresolv.tbd; path = usr/lib/libresolv.tbd; sourceTree = SDKROOT; };
		1906E5981CB168F600FB93D5 /* libz.tbd */ = {isa = PBXFileReference; lastKnownFileType = "sourcecode.text-based-dylib-definition"; name = libz.tbd; path = usr/lib/libz.tbd; sourceTree = SDKROOT; };
		1906E59A1CB1690000FB93D5 /* libstdc++.6.0.9.tbd */ = {isa = PBXFileReference; lastKnownFileType = "sourcecode.text-based-dylib-definition"; name = "libstdc++.6.0.9.tbd"; path = "usr/lib/libstdc++.6.0.9.tbd"; sourceTree = SDKROOT; };
		1906E59C1CB1690800FB93D5 /* libsqlite3.tbd */ = {isa = PBXFileReference; lastKnownFileType = "sourcecode.text-based-dylib-definition"; name = libsqlite3.tbd; path = usr/lib/libsqlite3.tbd; sourceTree = SDKROOT; };
		1906E59E1CB16A2000FB93D5 /* libHyphenateSDK.a */ = {isa = PBXFileReference; lastKnownFileType = archive.ar; path = libHyphenateSDK.a; sourceTree = "<group>"; };
		19650D1C1CD9ECF700A8CC81 /* AddFriendViewController.h */ = {isa = PBXFileReference; fileEncoding = 4; lastKnownFileType = sourcecode.c.h; path = AddFriendViewController.h; sourceTree = "<group>"; };
		19650D1D1CD9ECF700A8CC81 /* AddFriendViewController.m */ = {isa = PBXFileReference; fileEncoding = 4; lastKnownFileType = sourcecode.c.objc; path = AddFriendViewController.m; sourceTree = "<group>"; };
		19650D1F1CD9F28200A8CC81 /* FriendsViewController.h */ = {isa = PBXFileReference; fileEncoding = 4; lastKnownFileType = sourcecode.c.h; path = FriendsViewController.h; sourceTree = "<group>"; };
		19650D201CD9F28200A8CC81 /* FriendsViewController.m */ = {isa = PBXFileReference; fileEncoding = 4; lastKnownFileType = sourcecode.c.objc; path = FriendsViewController.m; sourceTree = "<group>"; };
		1986C9EC1CB3CAD000D40918 /* texthuanxin.pch */ = {isa = PBXFileReference; lastKnownFileType = sourcecode.c.h; path = texthuanxin.pch; sourceTree = "<group>"; };
		198977511CDBAA0000F0E8DF /* BadgeButton.h */ = {isa = PBXFileReference; fileEncoding = 4; lastKnownFileType = sourcecode.c.h; path = BadgeButton.h; sourceTree = "<group>"; };
		198977521CDBAA0000F0E8DF /* BadgeButton.m */ = {isa = PBXFileReference; fileEncoding = 4; lastKnownFileType = sourcecode.c.objc; path = BadgeButton.m; sourceTree = "<group>"; };
		198977541CDC1AC000F0E8DF /* GYHTimeTool.h */ = {isa = PBXFileReference; fileEncoding = 4; lastKnownFileType = sourcecode.c.h; path = GYHTimeTool.h; sourceTree = "<group>"; };
		198977551CDC1AC000F0E8DF /* GYHTimeTool.m */ = {isa = PBXFileReference; fileEncoding = 4; lastKnownFileType = sourcecode.c.objc; path = GYHTimeTool.m; sourceTree = "<group>"; };
		198977581CDC1CBF00F0E8DF /* ChatViewController.h */ = {isa = PBXFileReference; fileEncoding = 4; lastKnownFileType = sourcecode.c.h; path = ChatViewController.h; sourceTree = "<group>"; };
		198977591CDC1CBF00F0E8DF /* ChatViewController.m */ = {isa = PBXFileReference; fileEncoding = 4; lastKnownFileType = sourcecode.c.objc; path = ChatViewController.m; sourceTree = "<group>"; };
		1989775B1CDC1CBF00F0E8DF /* HyperlinksButton.h */ = {isa = PBXFileReference; fileEncoding = 4; lastKnownFileType = sourcecode.c.h; path = HyperlinksButton.h; sourceTree = "<group>"; };
		1989775C1CDC1CBF00F0E8DF /* HyperlinksButton.m */ = {isa = PBXFileReference; fileEncoding = 4; lastKnownFileType = sourcecode.c.objc; path = HyperlinksButton.m; sourceTree = "<group>"; };
		1989775E1CDC1CBF00F0E8DF /* AddView.h */ = {isa = PBXFileReference; fileEncoding = 4; lastKnownFileType = sourcecode.c.h; path = AddView.h; sourceTree = "<group>"; };
		1989775F1CDC1CBF00F0E8DF /* AddView.m */ = {isa = PBXFileReference; fileEncoding = 4; lastKnownFileType = sourcecode.c.objc; path = AddView.m; sourceTree = "<group>"; };
		198977601CDC1CBF00F0E8DF /* AddViewButton.h */ = {isa = PBXFileReference; fileEncoding = 4; lastKnownFileType = sourcecode.c.h; path = AddViewButton.h; sourceTree = "<group>"; };
		198977611CDC1CBF00F0E8DF /* AddViewButton.m */ = {isa = PBXFileReference; fileEncoding = 4; lastKnownFileType = sourcecode.c.objc; path = AddViewButton.m; sourceTree = "<group>"; };
		198977621CDC1CBF00F0E8DF /* MessageCell.h */ = {isa = PBXFileReference; fileEncoding = 4; lastKnownFileType = sourcecode.c.h; path = MessageCell.h; sourceTree = "<group>"; };
		198977631CDC1CBF00F0E8DF /* MessageCell.m */ = {isa = PBXFileReference; fileEncoding = 4; lastKnownFileType = sourcecode.c.objc; path = MessageCell.m; sourceTree = "<group>"; };
		198977641CDC1CBF00F0E8DF /* MessageImageCell.h */ = {isa = PBXFileReference; fileEncoding = 4; lastKnownFileType = sourcecode.c.h; path = MessageImageCell.h; sourceTree = "<group>"; };
		198977651CDC1CBF00F0E8DF /* MessageImageCell.m */ = {isa = PBXFileReference; fileEncoding = 4; lastKnownFileType = sourcecode.c.objc; path = MessageImageCell.m; sourceTree = "<group>"; };
		198977661CDC1CBF00F0E8DF /* MessageVideoCell.h */ = {isa = PBXFileReference; fileEncoding = 4; lastKnownFileType = sourcecode.c.h; path = MessageVideoCell.h; sourceTree = "<group>"; };
		198977671CDC1CBF00F0E8DF /* MessageVideoCell.m */ = {isa = PBXFileReference; fileEncoding = 4; lastKnownFileType = sourcecode.c.objc; path = MessageVideoCell.m; sourceTree = "<group>"; };
		198BB5691CC3AE4300BCF62C /* LoginViewController.h */ = {isa = PBXFileReference; fileEncoding = 4; lastKnownFileType = sourcecode.c.h; path = LoginViewController.h; sourceTree = "<group>"; };
		198BB56A1CC3AE4300BCF62C /* LoginViewController.m */ = {isa = PBXFileReference; fileEncoding = 4; lastKnownFileType = sourcecode.c.objc; path = LoginViewController.m; sourceTree = "<group>"; };
		198BB56F1CC3AE5900BCF62C /* ConverseViewController.h */ = {isa = PBXFileReference; fileEncoding = 4; lastKnownFileType = sourcecode.c.h; path = ConverseViewController.h; sourceTree = "<group>"; };
		198BB5701CC3AE5900BCF62C /* ConverseViewController.m */ = {isa = PBXFileReference; fileEncoding = 4; lastKnownFileType = sourcecode.c.objc; path = ConverseViewController.m; sourceTree = "<group>"; };
		198BB5731CC3AECE00BCF62C /* SettingViewController.h */ = {isa = PBXFileReference; fileEncoding = 4; lastKnownFileType = sourcecode.c.h; path = SettingViewController.h; sourceTree = "<group>"; };
		198BB5741CC3AECE00BCF62C /* SettingViewController.m */ = {isa = PBXFileReference; fileEncoding = 4; lastKnownFileType = sourcecode.c.objc; path = SettingViewController.m; sourceTree = "<group>"; };
		1999F5251CC258230062CBD5 /* MBProgressHUD+gyh.h */ = {isa = PBXFileReference; fileEncoding = 4; lastKnownFileType = sourcecode.c.h; path = "MBProgressHUD+gyh.h"; sourceTree = "<group>"; };
		1999F5261CC258230062CBD5 /* MBProgressHUD+gyh.m */ = {isa = PBXFileReference; fileEncoding = 4; lastKnownFileType = sourcecode.c.objc; path = "MBProgressHUD+gyh.m"; sourceTree = "<group>"; };
		1999F5271CC258230062CBD5 /* MBProgressHUD.bundle */ = {isa = PBXFileReference; lastKnownFileType = "wrapper.plug-in"; path = MBProgressHUD.bundle; sourceTree = "<group>"; };
		1999F5281CC258230062CBD5 /* MBProgressHUD.h */ = {isa = PBXFileReference; fileEncoding = 4; lastKnownFileType = sourcecode.c.h; path = MBProgressHUD.h; sourceTree = "<group>"; };
		1999F5291CC258230062CBD5 /* MBProgressHUD.m */ = {isa = PBXFileReference; fileEncoding = 4; lastKnownFileType = sourcecode.c.objc; path = MBProgressHUD.m; sourceTree = "<group>"; };
		19AA0D081CD5B40200A5AEE5 /* TabbarButton.h */ = {isa = PBXFileReference; fileEncoding = 4; lastKnownFileType = sourcecode.c.h; path = TabbarButton.h; sourceTree = "<group>"; };
		19AA0D091CD5B40200A5AEE5 /* TabbarButton.m */ = {isa = PBXFileReference; fileEncoding = 4; lastKnownFileType = sourcecode.c.objc; path = TabbarButton.m; sourceTree = "<group>"; };
		19AA0D0A1CD5B40200A5AEE5 /* GYHNavigationController.h */ = {isa = PBXFileReference; fileEncoding = 4; lastKnownFileType = sourcecode.c.h; path = GYHNavigationController.h; sourceTree = "<group>"; };
		19AA0D0B1CD5B40200A5AEE5 /* GYHNavigationController.m */ = {isa = PBXFileReference; fileEncoding = 4; lastKnownFileType = sourcecode.c.objc; path = GYHNavigationController.m; sourceTree = "<group>"; };
		19AA0D0D1CD5B40200A5AEE5 /* TabbarView.h */ = {isa = PBXFileReference; fileEncoding = 4; lastKnownFileType = sourcecode.c.h; path = TabbarView.h; sourceTree = "<group>"; };
		19AA0D0E1CD5B40200A5AEE5 /* TabbarView.m */ = {isa = PBXFileReference; fileEncoding = 4; lastKnownFileType = sourcecode.c.objc; path = TabbarView.m; sourceTree = "<group>"; };
		19AA0D131CD5B41B00A5AEE5 /* GYHTabBarController.h */ = {isa = PBXFileReference; fileEncoding = 4; lastKnownFileType = sourcecode.c.h; path = GYHTabBarController.h; sourceTree = "<group>"; };
		19AA0D141CD5B41B00A5AEE5 /* GYHTabBarController.m */ = {isa = PBXFileReference; fileEncoding = 4; lastKnownFileType = sourcecode.c.objc; path = GYHTabBarController.m; sourceTree = "<group>"; };
		19AA0D171CD5B48D00A5AEE5 /* NSString+Extension.h */ = {isa = PBXFileReference; fileEncoding = 4; lastKnownFileType = sourcecode.c.h; path = "NSString+Extension.h"; sourceTree = "<group>"; };
		19AA0D181CD5B48D00A5AEE5 /* NSString+Extension.m */ = {isa = PBXFileReference; fileEncoding = 4; lastKnownFileType = sourcecode.c.objc; path = "NSString+Extension.m"; sourceTree = "<group>"; };
		19AA0D191CD5B48D00A5AEE5 /* UIBarButtonItem+gyh.h */ = {isa = PBXFileReference; fileEncoding = 4; lastKnownFileType = sourcecode.c.h; path = "UIBarButtonItem+gyh.h"; sourceTree = "<group>"; };
		19AA0D1A1CD5B48D00A5AEE5 /* UIBarButtonItem+gyh.m */ = {isa = PBXFileReference; fileEncoding = 4; lastKnownFileType = sourcecode.c.objc; path = "UIBarButtonItem+gyh.m"; sourceTree = "<group>"; };
		19AA0D1B1CD5B48D00A5AEE5 /* UIImage+Extension.h */ = {isa = PBXFileReference; fileEncoding = 4; lastKnownFileType = sourcecode.c.h; path = "UIImage+Extension.h"; sourceTree = "<group>"; };
		19AA0D1C1CD5B48D00A5AEE5 /* UIImage+Extension.m */ = {isa = PBXFileReference; fileEncoding = 4; lastKnownFileType = sourcecode.c.objc; path = "UIImage+Extension.m"; sourceTree = "<group>"; };
		19AA0D1D1CD5B48D00A5AEE5 /* UIView+Extension.h */ = {isa = PBXFileReference; fileEncoding = 4; lastKnownFileType = sourcecode.c.h; path = "UIView+Extension.h"; sourceTree = "<group>"; };
		19AA0D1E1CD5B48D00A5AEE5 /* UIView+Extension.m */ = {isa = PBXFileReference; fileEncoding = 4; lastKnownFileType = sourcecode.c.objc; path = "UIView+Extension.m"; sourceTree = "<group>"; };
/* End PBXFileReference section */

/* Begin PBXFrameworksBuildPhase section */
		1906E5231CB1618D00FB93D5 /* Frameworks */ = {
			isa = PBXFrameworksBuildPhase;
			buildActionMask = 2147483647;
			files = (
				1906E59D1CB1690800FB93D5 /* libsqlite3.tbd in Frameworks */,
				1906E59B1CB1690000FB93D5 /* libstdc++.6.0.9.tbd in Frameworks */,
				1906E5991CB168F600FB93D5 /* libz.tbd in Frameworks */,
				1906E5971CB168F000FB93D5 /* libresolv.tbd in Frameworks */,
				1906E5951CB168E800FB93D5 /* libc++.tbd in Frameworks */,
				1906E5931CB168E000FB93D5 /* SystemConfiguration.framework in Frameworks */,
				1906E5911CB168D800FB93D5 /* ImageIO.framework in Frameworks */,
				1906E58F1CB168D000FB93D5 /* MobileCoreServices.framework in Frameworks */,
				1906E59F1CB16A2000FB93D5 /* libHyphenateSDK.a in Frameworks */,
				1906E58D1CB168C600FB93D5 /* AVFoundation.framework in Frameworks */,
				1906E58B1CB168BF00FB93D5 /* AudioToolbox.framework in Frameworks */,
				1906E5891CB168B400FB93D5 /* CoreMedia.framework in Frameworks */,
			);
			runOnlyForDeploymentPostprocessing = 0;
		};
		1906E53C1CB1618D00FB93D5 /* Frameworks */ = {
			isa = PBXFrameworksBuildPhase;
			buildActionMask = 2147483647;
			files = (
			);
			runOnlyForDeploymentPostprocessing = 0;
		};
		1906E5471CB1618D00FB93D5 /* Frameworks */ = {
			isa = PBXFrameworksBuildPhase;
			buildActionMask = 2147483647;
			files = (
			);
			runOnlyForDeploymentPostprocessing = 0;
		};
/* End PBXFrameworksBuildPhase section */

/* Begin PBXGroup section */
		0CDC4B4C6C3051D8D3860101 /* Frameworks */ = {
			isa = PBXGroup;
			children = (
			);
			name = Frameworks;
			sourceTree = "<group>";
		};
		1906E51D1CB1618D00FB93D5 = {
			isa = PBXGroup;
			children = (
				1906E5281CB1618D00FB93D5 /* testhuanxin */,
				1906E5421CB1618D00FB93D5 /* testhuanxinTests */,
				1906E54D1CB1618D00FB93D5 /* testhuanxinUITests */,
				1906E5271CB1618D00FB93D5 /* Products */,
				0CDC4B4C6C3051D8D3860101 /* Frameworks */,
			);
			sourceTree = "<group>";
		};
		1906E5271CB1618D00FB93D5 /* Products */ = {
			isa = PBXGroup;
			children = (
				1906E5261CB1618D00FB93D5 /* testhuanxin.app */,
				1906E53F1CB1618D00FB93D5 /* testhuanxinTests.xctest */,
				1906E54A1CB1618D00FB93D5 /* testhuanxinUITests.xctest */,
			);
			name = Products;
			sourceTree = "<group>";
		};
		1906E5281CB1618D00FB93D5 /* testhuanxin */ = {
			isa = PBXGroup;
			children = (
				19AA0D161CD5B45B00A5AEE5 /* Category */,
				19AA0D011CD5B29F00A5AEE5 /* Other */,
				198BB5721CC3AEB000BCF62C /* Setting */,
				1999F5231CC258230062CBD5 /* Lib */,
				1999F5221CC257220062CBD5 /* Converse */,
				1999F5211CC257180062CBD5 /* Chat */,
				1999F5201CC256EE0062CBD5 /* Login */,
				1906E52C1CB1618D00FB93D5 /* AppDelegate.h */,
				1906E52D1CB1618D00FB93D5 /* AppDelegate.m */,
				1906E52F1CB1618D00FB93D5 /* ViewController.h */,
				1906E5301CB1618D00FB93D5 /* ViewController.m */,
				1906E5321CB1618D00FB93D5 /* Main.storyboard */,
				1906E5351CB1618D00FB93D5 /* Assets.xcassets */,
				1906E5371CB1618D00FB93D5 /* LaunchScreen.storyboard */,
				1906E53A1CB1618D00FB93D5 /* Info.plist */,
				1906E55C1CB1678700FB93D5 /* HyphenateSDK */,
				1906E5291CB1618D00FB93D5 /* Supporting Files */,
			);
			path = testhuanxin;
			sourceTree = "<group>";
		};
		1906E5291CB1618D00FB93D5 /* Supporting Files */ = {
			isa = PBXGroup;
			children = (
				1986C9EB1CB3CA3600D40918 /* FrameWork */,
				1906E52A1CB1618D00FB93D5 /* main.m */,
				1986C9EC1CB3CAD000D40918 /* texthuanxin.pch */,
			);
			name = "Supporting Files";
			sourceTree = "<group>";
		};
		1906E5421CB1618D00FB93D5 /* testhuanxinTests */ = {
			isa = PBXGroup;
			children = (
				1906E5431CB1618D00FB93D5 /* testhuanxinTests.m */,
				1906E5451CB1618D00FB93D5 /* Info.plist */,
			);
			path = testhuanxinTests;
			sourceTree = "<group>";
		};
		1906E54D1CB1618D00FB93D5 /* testhuanxinUITests */ = {
			isa = PBXGroup;
			children = (
				1906E54E1CB1618D00FB93D5 /* testhuanxinUITests.m */,
				1906E5501CB1618D00FB93D5 /* Info.plist */,
			);
			path = testhuanxinUITests;
			sourceTree = "<group>";
		};
		1906E55C1CB1678700FB93D5 /* HyphenateSDK */ = {
			isa = PBXGroup;
			children = (
				1906E55D1CB1678700FB93D5 /* include */,
				1906E5831CB1678700FB93D5 /* lib */,
			);
			path = HyphenateSDK;
			sourceTree = "<group>";
		};
		1906E55D1CB1678700FB93D5 /* include */ = {
			isa = PBXGroup;
			children = (
				1906E55E1CB1678700FB93D5 /* EMCallLocalView.h */,
				1906E55F1CB1678700FB93D5 /* EMCallManagerDelegate.h */,
				1906E5601CB1678700FB93D5 /* EMCallRemoteView.h */,
				1906E5611CB1678700FB93D5 /* EMCallSession.h */,
				1906E5621CB1678700FB93D5 /* EMChatManagerDelegate.h */,
				1906E5631CB1678700FB93D5 /* EMChatroom.h */,
				1906E5641CB1678700FB93D5 /* EMChatroomManagerDelegate.h */,
				1906E5651CB1678700FB93D5 /* EMClient+Call.h */,
				1906E5661CB1678700FB93D5 /* EMClient.h */,
				1906E5671CB1678700FB93D5 /* EMClientDelegate.h */,
				1906E5681CB1678700FB93D5 /* EMCmdMessageBody.h */,
				1906E5691CB1678700FB93D5 /* EMContactManagerDelegate.h */,
				1906E56A1CB1678700FB93D5 /* EMConversation.h */,
				1906E56B1CB1678700FB93D5 /* EMCursorResult.h */,
				1906E56C1CB1678700FB93D5 /* EMError.h */,
				1906E56D1CB1678700FB93D5 /* EMErrorCode.h */,
				1906E56E1CB1678700FB93D5 /* EMFileMessageBody.h */,
				1906E56F1CB1678700FB93D5 /* EMGroup.h */,
				1906E5701CB1678700FB93D5 /* EMGroupManagerDelegate.h */,
				1906E5711CB1678700FB93D5 /* EMGroupOptions.h */,
				1906E5721CB1678700FB93D5 /* EMImageMessageBody.h */,
				1906E5731CB1678700FB93D5 /* EMLocationMessageBody.h */,
				1906E5741CB1678700FB93D5 /* EMMessage.h */,
				1906E5751CB1678700FB93D5 /* EMMessageBody.h */,
				1906E5761CB1678700FB93D5 /* EMOptions+PrivateDeploy.h */,
				1906E5771CB1678700FB93D5 /* EMOptions.h */,
				1906E5781CB1678700FB93D5 /* EMPushOptions.h */,
				1906E5791CB1678700FB93D5 /* EMSDK.h */,
				1906E57A1CB1678700FB93D5 /* EMSDKFull.h */,
				1906E57B1CB1678700FB93D5 /* EMTextMessageBody.h */,
				1906E57C1CB1678700FB93D5 /* EMVideoMessageBody.h */,
				1906E57D1CB1678700FB93D5 /* EMVoiceMessageBody.h */,
				1906E57E1CB1678700FB93D5 /* IEMCallManager.h */,
				1906E57F1CB1678700FB93D5 /* IEMChatManager.h */,
				1906E5801CB1678700FB93D5 /* IEMChatroomManager.h */,
				1906E5811CB1678700FB93D5 /* IEMContactManager.h */,
				1906E5821CB1678700FB93D5 /* IEMGroupManager.h */,
			);
			path = include;
			sourceTree = "<group>";
		};
		1906E5831CB1678700FB93D5 /* lib */ = {
			isa = PBXGroup;
			children = (
				1906E59E1CB16A2000FB93D5 /* libHyphenateSDK.a */,
			);
			path = lib;
			sourceTree = "<group>";
		};
		1986C9EB1CB3CA3600D40918 /* FrameWork */ = {
			isa = PBXGroup;
			children = (
				1906E59C1CB1690800FB93D5 /* libsqlite3.tbd */,
				1906E59A1CB1690000FB93D5 /* libstdc++.6.0.9.tbd */,
				1906E5981CB168F600FB93D5 /* libz.tbd */,
				1906E5961CB168F000FB93D5 /* libresolv.tbd */,
				1906E5941CB168E800FB93D5 /* libc++.tbd */,
				1906E5921CB168E000FB93D5 /* SystemConfiguration.framework */,
				1906E5901CB168D800FB93D5 /* ImageIO.framework */,
				1906E58E1CB168D000FB93D5 /* MobileCoreServices.framework */,
				1906E58C1CB168C600FB93D5 /* AVFoundation.framework */,
				1906E58A1CB168BF00FB93D5 /* AudioToolbox.framework */,
				1906E5881CB168B400FB93D5 /* CoreMedia.framework */,
			);
			name = FrameWork;
			sourceTree = "<group>";
		};
		198977571CDC1CBF00F0E8DF /* 聊天 */ = {
			isa = PBXGroup;
			children = (
				198977581CDC1CBF00F0E8DF /* ChatViewController.h */,
				198977591CDC1CBF00F0E8DF /* ChatViewController.m */,
				1989775A1CDC1CBF00F0E8DF /* Model */,
				1989775D1CDC1CBF00F0E8DF /* View */,
			);
			path = "聊天";
			sourceTree = "<group>";
		};
		1989775A1CDC1CBF00F0E8DF /* Model */ = {
			isa = PBXGroup;
			children = (
				1989775B1CDC1CBF00F0E8DF /* HyperlinksButton.h */,
				1989775C1CDC1CBF00F0E8DF /* HyperlinksButton.m */,
			);
			path = Model;
			sourceTree = "<group>";
		};
		1989775D1CDC1CBF00F0E8DF /* View */ = {
			isa = PBXGroup;
			children = (
				1989775E1CDC1CBF00F0E8DF /* AddView.h */,
				1989775F1CDC1CBF00F0E8DF /* AddView.m */,
				198977601CDC1CBF00F0E8DF /* AddViewButton.h */,
				198977611CDC1CBF00F0E8DF /* AddViewButton.m */,
				198977621CDC1CBF00F0E8DF /* MessageCell.h */,
				198977631CDC1CBF00F0E8DF /* MessageCell.m */,
				198977641CDC1CBF00F0E8DF /* MessageImageCell.h */,
				198977651CDC1CBF00F0E8DF /* MessageImageCell.m */,
				198977661CDC1CBF00F0E8DF /* MessageVideoCell.h */,
				198977671CDC1CBF00F0E8DF /* MessageVideoCell.m */,
			);
			path = View;
			sourceTree = "<group>";
		};
		198BB5721CC3AEB000BCF62C /* Setting */ = {
			isa = PBXGroup;
			children = (
				198BB5731CC3AECE00BCF62C /* SettingViewController.h */,
				198BB5741CC3AECE00BCF62C /* SettingViewController.m */,
			);
			path = Setting;
			sourceTree = "<group>";
		};
		1999F5201CC256EE0062CBD5 /* Login */ = {
			isa = PBXGroup;
			children = (
				198BB5691CC3AE4300BCF62C /* LoginViewController.h */,
				198BB56A1CC3AE4300BCF62C /* LoginViewController.m */,
			);
			path = Login;
			sourceTree = "<group>";
		};
		1999F5211CC257180062CBD5 /* Chat */ = {
			isa = PBXGroup;
			children = (
				198977571CDC1CBF00F0E8DF /* 聊天 */,
				19650D1C1CD9ECF700A8CC81 /* AddFriendViewController.h */,
				19650D1D1CD9ECF700A8CC81 /* AddFriendViewController.m */,
				19650D1F1CD9F28200A8CC81 /* FriendsViewController.h */,
				19650D201CD9F28200A8CC81 /* FriendsViewController.m */,
			);
			path = Chat;
			sourceTree = "<group>";
		};
		1999F5221CC257220062CBD5 /* Converse */ = {
			isa = PBXGroup;
			children = (
				198BB56F1CC3AE5900BCF62C /* ConverseViewController.h */,
				198BB5701CC3AE5900BCF62C /* ConverseViewController.m */,
			);
			path = Converse;
			sourceTree = "<group>";
		};
		1999F5231CC258230062CBD5 /* Lib */ = {
			isa = PBXGroup;
			children = (
				1999F5241CC258230062CBD5 /* MBProgressHUD */,
			);
			path = Lib;
			sourceTree = "<group>";
		};
		1999F5241CC258230062CBD5 /* MBProgressHUD */ = {
			isa = PBXGroup;
			children = (
				1999F5251CC258230062CBD5 /* MBProgressHUD+gyh.h */,
				1999F5261CC258230062CBD5 /* MBProgressHUD+gyh.m */,
				1999F5271CC258230062CBD5 /* MBProgressHUD.bundle */,
				1999F5281CC258230062CBD5 /* MBProgressHUD.h */,
				1999F5291CC258230062CBD5 /* MBProgressHUD.m */,
			);
			path = MBProgressHUD;
			sourceTree = "<group>";
		};
		19AA0D011CD5B29F00A5AEE5 /* Other */ = {
			isa = PBXGroup;
			children = (
				19AA0D131CD5B41B00A5AEE5 /* GYHTabBarController.h */,
				19AA0D141CD5B41B00A5AEE5 /* GYHTabBarController.m */,
				19AA0D0A1CD5B40200A5AEE5 /* GYHNavigationController.h */,
				19AA0D0B1CD5B40200A5AEE5 /* GYHNavigationController.m */,
				19AA0D071CD5B40200A5AEE5 /* Model */,
				19AA0D0C1CD5B40200A5AEE5 /* View */,
			);
			path = Other;
			sourceTree = "<group>";
		};
		19AA0D071CD5B40200A5AEE5 /* Model */ = {
			isa = PBXGroup;
			children = (
				19AA0D081CD5B40200A5AEE5 /* TabbarButton.h */,
				19AA0D091CD5B40200A5AEE5 /* TabbarButton.m */,
				198977511CDBAA0000F0E8DF /* BadgeButton.h */,
				198977521CDBAA0000F0E8DF /* BadgeButton.m */,
			);
			path = Model;
			sourceTree = "<group>";
		};
		19AA0D0C1CD5B40200A5AEE5 /* View */ = {
			isa = PBXGroup;
			children = (
				19AA0D0D1CD5B40200A5AEE5 /* TabbarView.h */,
				19AA0D0E1CD5B40200A5AEE5 /* TabbarView.m */,
			);
			path = View;
			sourceTree = "<group>";
		};
		19AA0D161CD5B45B00A5AEE5 /* Category */ = {
			isa = PBXGroup;
			children = (
				19AA0D171CD5B48D00A5AEE5 /* NSString+Extension.h */,
				19AA0D181CD5B48D00A5AEE5 /* NSString+Extension.m */,
				19AA0D191CD5B48D00A5AEE5 /* UIBarButtonItem+gyh.h */,
				19AA0D1A1CD5B48D00A5AEE5 /* UIBarButtonItem+gyh.m */,
				19AA0D1B1CD5B48D00A5AEE5 /* UIImage+Extension.h */,
				19AA0D1C1CD5B48D00A5AEE5 /* UIImage+Extension.m */,
				19AA0D1D1CD5B48D00A5AEE5 /* UIView+Extension.h */,
				19AA0D1E1CD5B48D00A5AEE5 /* UIView+Extension.m */,
				198977541CDC1AC000F0E8DF /* GYHTimeTool.h */,
				198977551CDC1AC000F0E8DF /* GYHTimeTool.m */,
			);
			path = Category;
			sourceTree = "<group>";
		};
/* End PBXGroup section */

/* Begin PBXNativeTarget section */
		1906E5251CB1618D00FB93D5 /* testhuanxin */ = {
			isa = PBXNativeTarget;
			buildConfigurationList = 1906E5531CB1618D00FB93D5 /* Build configuration list for PBXNativeTarget "testhuanxin" */;
			buildPhases = (
				1906E5221CB1618D00FB93D5 /* Sources */,
				1906E5231CB1618D00FB93D5 /* Frameworks */,
				1906E5241CB1618D00FB93D5 /* Resources */,
			);
			buildRules = (
			);
			dependencies = (
			);
			name = testhuanxin;
			productName = testhuanxin;
			productReference = 1906E5261CB1618D00FB93D5 /* testhuanxin.app */;
			productType = "com.apple.product-type.application";
		};
		1906E53E1CB1618D00FB93D5 /* testhuanxinTests */ = {
			isa = PBXNativeTarget;
			buildConfigurationList = 1906E5561CB1618D00FB93D5 /* Build configuration list for PBXNativeTarget "testhuanxinTests" */;
			buildPhases = (
				1906E53B1CB1618D00FB93D5 /* Sources */,
				1906E53C1CB1618D00FB93D5 /* Frameworks */,
				1906E53D1CB1618D00FB93D5 /* Resources */,
			);
			buildRules = (
			);
			dependencies = (
				1906E5411CB1618D00FB93D5 /* PBXTargetDependency */,
			);
			name = testhuanxinTests;
			productName = testhuanxinTests;
			productReference = 1906E53F1CB1618D00FB93D5 /* testhuanxinTests.xctest */;
			productType = "com.apple.product-type.bundle.unit-test";
		};
		1906E5491CB1618D00FB93D5 /* testhuanxinUITests */ = {
			isa = PBXNativeTarget;
			buildConfigurationList = 1906E5591CB1618D00FB93D5 /* Build configuration list for PBXNativeTarget "testhuanxinUITests" */;
			buildPhases = (
				1906E5461CB1618D00FB93D5 /* Sources */,
				1906E5471CB1618D00FB93D5 /* Frameworks */,
				1906E5481CB1618D00FB93D5 /* Resources */,
			);
			buildRules = (
			);
			dependencies = (
				1906E54C1CB1618D00FB93D5 /* PBXTargetDependency */,
			);
			name = testhuanxinUITests;
			productName = testhuanxinUITests;
			productReference = 1906E54A1CB1618D00FB93D5 /* testhuanxinUITests.xctest */;
			productType = "com.apple.product-type.bundle.ui-testing";
		};
/* End PBXNativeTarget section */

/* Begin PBXProject section */
		1906E51E1CB1618D00FB93D5 /* Project object */ = {
			isa = PBXProject;
			attributes = {
				LastUpgradeCheck = 0730;
				ORGANIZATIONNAME = apple;
				TargetAttributes = {
					1906E5251CB1618D00FB93D5 = {
						CreatedOnToolsVersion = 7.3;
					};
					1906E53E1CB1618D00FB93D5 = {
						CreatedOnToolsVersion = 7.3;
						TestTargetID = 1906E5251CB1618D00FB93D5;
					};
					1906E5491CB1618D00FB93D5 = {
						CreatedOnToolsVersion = 7.3;
						TestTargetID = 1906E5251CB1618D00FB93D5;
					};
				};
			};
			buildConfigurationList = 1906E5211CB1618D00FB93D5 /* Build configuration list for PBXProject "testhuanxin" */;
			compatibilityVersion = "Xcode 3.2";
			developmentRegion = English;
			hasScannedForEncodings = 0;
			knownRegions = (
				en,
				Base,
			);
			mainGroup = 1906E51D1CB1618D00FB93D5;
			productRefGroup = 1906E5271CB1618D00FB93D5 /* Products */;
			projectDirPath = "";
			projectRoot = "";
			targets = (
				1906E5251CB1618D00FB93D5 /* testhuanxin */,
				1906E53E1CB1618D00FB93D5 /* testhuanxinTests */,
				1906E5491CB1618D00FB93D5 /* testhuanxinUITests */,
			);
		};
/* End PBXProject section */

/* Begin PBXResourcesBuildPhase section */
		1906E5241CB1618D00FB93D5 /* Resources */ = {
			isa = PBXResourcesBuildPhase;
			buildActionMask = 2147483647;
			files = (
				1906E5391CB1618D00FB93D5 /* LaunchScreen.storyboard in Resources */,
				1999F52B1CC258230062CBD5 /* MBProgressHUD.bundle in Resources */,
				1906E5361CB1618D00FB93D5 /* Assets.xcassets in Resources */,
				1906E5341CB1618D00FB93D5 /* Main.storyboard in Resources */,
			);
			runOnlyForDeploymentPostprocessing = 0;
		};
		1906E53D1CB1618D00FB93D5 /* Resources */ = {
			isa = PBXResourcesBuildPhase;
			buildActionMask = 2147483647;
			files = (
			);
			runOnlyForDeploymentPostprocessing = 0;
		};
		1906E5481CB1618D00FB93D5 /* Resources */ = {
			isa = PBXResourcesBuildPhase;
			buildActionMask = 2147483647;
			files = (
			);
			runOnlyForDeploymentPostprocessing = 0;
		};
/* End PBXResourcesBuildPhase section */

/* Begin PBXSourcesBuildPhase section */
		1906E5221CB1618D00FB93D5 /* Sources */ = {
			isa = PBXSourcesBuildPhase;
			buildActionMask = 2147483647;
			files = (
				1989776A1CDC1CBF00F0E8DF /* AddView.m in Sources */,
				1906E5311CB1618D00FB93D5 /* ViewController.m in Sources */,
				1906E52E1CB1618D00FB93D5 /* AppDelegate.m in Sources */,
				19650D211CD9F28200A8CC81 /* FriendsViewController.m in Sources */,
				198BB56B1CC3AE4300BCF62C /* LoginViewController.m in Sources */,
				198977681CDC1CBF00F0E8DF /* ChatViewController.m in Sources */,
				1989776D1CDC1CBF00F0E8DF /* MessageImageCell.m in Sources */,
				19AA0D111CD5B40200A5AEE5 /* GYHNavigationController.m in Sources */,
				19AA0D201CD5B48D00A5AEE5 /* UIBarButtonItem+gyh.m in Sources */,
				19AA0D221CD5B48D00A5AEE5 /* UIView+Extension.m in Sources */,
				19AA0D121CD5B40200A5AEE5 /* TabbarView.m in Sources */,
				1999F52C1CC258230062CBD5 /* MBProgressHUD.m in Sources */,
				19AA0D211CD5B48D00A5AEE5 /* UIImage+Extension.m in Sources */,
				19AA0D151CD5B41B00A5AEE5 /* GYHTabBarController.m in Sources */,
				19AA0D101CD5B40200A5AEE5 /* TabbarButton.m in Sources */,
				1999F52A1CC258230062CBD5 /* MBProgressHUD+gyh.m in Sources */,
				1989776C1CDC1CBF00F0E8DF /* MessageCell.m in Sources */,
				1989776E1CDC1CBF00F0E8DF /* MessageVideoCell.m in Sources */,
				1989776B1CDC1CBF00F0E8DF /* AddViewButton.m in Sources */,
				198BB5751CC3AECE00BCF62C /* SettingViewController.m in Sources */,
				198977691CDC1CBF00F0E8DF /* HyperlinksButton.m in Sources */,
				198977561CDC1AC000F0E8DF /* GYHTimeTool.m in Sources */,
				198977531CDBAA0000F0E8DF /* BadgeButton.m in Sources */,
				1906E52B1CB1618D00FB93D5 /* main.m in Sources */,
				198BB5711CC3AE5900BCF62C /* ConverseViewController.m in Sources */,
				19650D1E1CD9ECF700A8CC81 /* AddFriendViewController.m in Sources */,
				19AA0D1F1CD5B48D00A5AEE5 /* NSString+Extension.m in Sources */,
			);
			runOnlyForDeploymentPostprocessing = 0;
		};
		1906E53B1CB1618D00FB93D5 /* Sources */ = {
			isa = PBXSourcesBuildPhase;
			buildActionMask = 2147483647;
			files = (
				1906E5441CB1618D00FB93D5 /* testhuanxinTests.m in Sources */,
			);
			runOnlyForDeploymentPostprocessing = 0;
		};
		1906E5461CB1618D00FB93D5 /* Sources */ = {
			isa = PBXSourcesBuildPhase;
			buildActionMask = 2147483647;
			files = (
				1906E54F1CB1618D00FB93D5 /* testhuanxinUITests.m in Sources */,
			);
			runOnlyForDeploymentPostprocessing = 0;
		};
/* End PBXSourcesBuildPhase section */

/* Begin PBXTargetDependency section */
		1906E5411CB1618D00FB93D5 /* PBXTargetDependency */ = {
			isa = PBXTargetDependency;
			target = 1906E5251CB1618D00FB93D5 /* testhuanxin */;
			targetProxy = 1906E5401CB1618D00FB93D5 /* PBXContainerItemProxy */;
		};
		1906E54C1CB1618D00FB93D5 /* PBXTargetDependency */ = {
			isa = PBXTargetDependency;
			target = 1906E5251CB1618D00FB93D5 /* testhuanxin */;
			targetProxy = 1906E54B1CB1618D00FB93D5 /* PBXContainerItemProxy */;
		};
/* End PBXTargetDependency section */

/* Begin PBXVariantGroup section */
		1906E5321CB1618D00FB93D5 /* Main.storyboard */ = {
			isa = PBXVariantGroup;
			children = (
				1906E5331CB1618D00FB93D5 /* Base */,
			);
			name = Main.storyboard;
			sourceTree = "<group>";
		};
		1906E5371CB1618D00FB93D5 /* LaunchScreen.storyboard */ = {
			isa = PBXVariantGroup;
			children = (
				1906E5381CB1618D00FB93D5 /* Base */,
			);
			name = LaunchScreen.storyboard;
			sourceTree = "<group>";
		};
/* End PBXVariantGroup section */

/* Begin XCBuildConfiguration section */
		1906E5511CB1618D00FB93D5 /* Debug */ = {
			isa = XCBuildConfiguration;
			buildSettings = {
				ALWAYS_SEARCH_USER_PATHS = NO;
				CLANG_ANALYZER_NONNULL = YES;
				CLANG_CXX_LANGUAGE_STANDARD = "gnu++0x";
				CLANG_CXX_LIBRARY = "libc++";
				CLANG_ENABLE_MODULES = YES;
				CLANG_ENABLE_OBJC_ARC = YES;
				CLANG_WARN_BOOL_CONVERSION = YES;
				CLANG_WARN_CONSTANT_CONVERSION = YES;
				CLANG_WARN_DIRECT_OBJC_ISA_USAGE = YES_ERROR;
				CLANG_WARN_EMPTY_BODY = YES;
				CLANG_WARN_ENUM_CONVERSION = YES;
				CLANG_WARN_INT_CONVERSION = YES;
				CLANG_WARN_OBJC_ROOT_CLASS = YES_ERROR;
				CLANG_WARN_UNREACHABLE_CODE = YES;
				CLANG_WARN__DUPLICATE_METHOD_MATCH = YES;
				"CODE_SIGN_IDENTITY[sdk=iphoneos*]" = "iPhone Developer";
				COPY_PHASE_STRIP = NO;
				DEBUG_INFORMATION_FORMAT = dwarf;
				ENABLE_STRICT_OBJC_MSGSEND = YES;
				ENABLE_TESTABILITY = YES;
				GCC_C_LANGUAGE_STANDARD = gnu99;
				GCC_DYNAMIC_NO_PIC = NO;
				GCC_NO_COMMON_BLOCKS = YES;
				GCC_OPTIMIZATION_LEVEL = 0;
				GCC_PREPROCESSOR_DEFINITIONS = (
					"DEBUG=1",
					"$(inherited)",
				);
				GCC_WARN_64_TO_32_BIT_CONVERSION = YES;
				GCC_WARN_ABOUT_RETURN_TYPE = YES_ERROR;
				GCC_WARN_UNDECLARED_SELECTOR = YES;
				GCC_WARN_UNINITIALIZED_AUTOS = YES_AGGRESSIVE;
				GCC_WARN_UNUSED_FUNCTION = YES;
				GCC_WARN_UNUSED_VARIABLE = YES;
				IPHONEOS_DEPLOYMENT_TARGET = 9.3;
				MTL_ENABLE_DEBUG_INFO = YES;
				ONLY_ACTIVE_ARCH = YES;
				SDKROOT = iphoneos;
			};
			name = Debug;
		};
		1906E5521CB1618D00FB93D5 /* Release */ = {
			isa = XCBuildConfiguration;
			buildSettings = {
				ALWAYS_SEARCH_USER_PATHS = NO;
				CLANG_ANALYZER_NONNULL = YES;
				CLANG_CXX_LANGUAGE_STANDARD = "gnu++0x";
				CLANG_CXX_LIBRARY = "libc++";
				CLANG_ENABLE_MODULES = YES;
				CLANG_ENABLE_OBJC_ARC = YES;
				CLANG_WARN_BOOL_CONVERSION = YES;
				CLANG_WARN_CONSTANT_CONVERSION = YES;
				CLANG_WARN_DIRECT_OBJC_ISA_USAGE = YES_ERROR;
				CLANG_WARN_EMPTY_BODY = YES;
				CLANG_WARN_ENUM_CONVERSION = YES;
				CLANG_WARN_INT_CONVERSION = YES;
				CLANG_WARN_OBJC_ROOT_CLASS = YES_ERROR;
				CLANG_WARN_UNREACHABLE_CODE = YES;
				CLANG_WARN__DUPLICATE_METHOD_MATCH = YES;
				"CODE_SIGN_IDENTITY[sdk=iphoneos*]" = "iPhone Developer";
				COPY_PHASE_STRIP = NO;
				DEBUG_INFORMATION_FORMAT = "dwarf-with-dsym";
				ENABLE_NS_ASSERTIONS = NO;
				ENABLE_STRICT_OBJC_MSGSEND = YES;
				GCC_C_LANGUAGE_STANDARD = gnu99;
				GCC_NO_COMMON_BLOCKS = YES;
				GCC_WARN_64_TO_32_BIT_CONVERSION = YES;
				GCC_WARN_ABOUT_RETURN_TYPE = YES_ERROR;
				GCC_WARN_UNDECLARED_SELECTOR = YES;
				GCC_WARN_UNINITIALIZED_AUTOS = YES_AGGRESSIVE;
				GCC_WARN_UNUSED_FUNCTION = YES;
				GCC_WARN_UNUSED_VARIABLE = YES;
				IPHONEOS_DEPLOYMENT_TARGET = 9.3;
				MTL_ENABLE_DEBUG_INFO = NO;
				SDKROOT = iphoneos;
				VALIDATE_PRODUCT = YES;
			};
			name = Release;
		};
		1906E5541CB1618D00FB93D5 /* Debug */ = {
			isa = XCBuildConfiguration;
			buildSettings = {
				ASSETCATALOG_COMPILER_APPICON_NAME = AppIcon;
				ENABLE_BITCODE = NO;
				GCC_INCREASE_PRECOMPILED_HEADER_SHARING = NO;
				GCC_PRECOMPILE_PREFIX_HEADER = NO;
				GCC_PREFIX_HEADER = "$(SRCROOT)/testhuanxin/texthuanxin.pch";
				INFOPLIST_FILE = testhuanxin/Info.plist;
				IPHONEOS_DEPLOYMENT_TARGET = 8.0;
				LD_RUNPATH_SEARCH_PATHS = "$(inherited) @executable_path/Frameworks";
				LIBRARY_SEARCH_PATHS = (
					"$(inherited)",
					"$(PROJECT_DIR)/testhuanxin/HyphenateSDK/lib",
					"$(PROJECT_DIR)/testhuanxin/HyphenateSDK/EaseUI/EMUIKit/3rdparty/DeviceHelper/VoiceConvert/opencore-amrnb",
					"$(PROJECT_DIR)/testhuanxin/HyphenateSDK/EaseUI/EMUIKit/3rdparty/DeviceHelper/VoiceConvert/opencore-amrwb",
				);
				OTHER_LDFLAGS = (
					"-force_load",
					"\"$(SRCROOT)/testhuanxin/HyphenateSDK/lib/libHyphenateSDK.a\"",
				);
				PRODUCT_BUNDLE_IDENTIFIER = apple.testhuanxin;
				PRODUCT_NAME = "$(TARGET_NAME)";
			};
			name = Debug;
		};
		1906E5551CB1618D00FB93D5 /* Release */ = {
			isa = XCBuildConfiguration;
			buildSettings = {
				ASSETCATALOG_COMPILER_APPICON_NAME = AppIcon;
				ENABLE_BITCODE = NO;
				GCC_INCREASE_PRECOMPILED_HEADER_SHARING = NO;
				GCC_PRECOMPILE_PREFIX_HEADER = NO;
				GCC_PREFIX_HEADER = "$(SRCROOT)/testhuanxin/texthuanxin.pch";
				INFOPLIST_FILE = testhuanxin/Info.plist;
				IPHONEOS_DEPLOYMENT_TARGET = 8.0;
				LD_RUNPATH_SEARCH_PATHS = "$(inherited) @executable_path/Frameworks";
				LIBRARY_SEARCH_PATHS = (
					"$(inherited)",
					"$(PROJECT_DIR)/testhuanxin/HyphenateSDK/lib",
					"$(PROJECT_DIR)/testhuanxin/HyphenateSDK/EaseUI/EMUIKit/3rdparty/DeviceHelper/VoiceConvert/opencore-amrnb",
					"$(PROJECT_DIR)/testhuanxin/HyphenateSDK/EaseUI/EMUIKit/3rdparty/DeviceHelper/VoiceConvert/opencore-amrwb",
				);
				OTHER_LDFLAGS = (
					"-force_load",
					"\"$(SRCROOT)/testhuanxin/HyphenateSDK/lib/libHyphenateSDK.a\"",
				);
				PRODUCT_BUNDLE_IDENTIFIER = apple.testhuanxin;
				PRODUCT_NAME = "$(TARGET_NAME)";
			};
			name = Release;
		};
		1906E5571CB1618D00FB93D5 /* Debug */ = {
			isa = XCBuildConfiguration;
			buildSettings = {
				BUNDLE_LOADER = "$(TEST_HOST)";
				INFOPLIST_FILE = testhuanxinTests/Info.plist;
				LD_RUNPATH_SEARCH_PATHS = "$(inherited) @executable_path/Frameworks @loader_path/Frameworks";
				PRODUCT_BUNDLE_IDENTIFIER = apple.testhuanxinTests;
				PRODUCT_NAME = "$(TARGET_NAME)";
				TEST_HOST = "$(BUILT_PRODUCTS_DIR)/testhuanxin.app/testhuanxin";
			};
			name = Debug;
		};
		1906E5581CB1618D00FB93D5 /* Release */ = {
			isa = XCBuildConfiguration;
			buildSettings = {
				BUNDLE_LOADER = "$(TEST_HOST)";
				INFOPLIST_FILE = testhuanxinTests/Info.plist;
				LD_RUNPATH_SEARCH_PATHS = "$(inherited) @executable_path/Frameworks @loader_path/Frameworks";
				PRODUCT_BUNDLE_IDENTIFIER = apple.testhuanxinTests;
				PRODUCT_NAME = "$(TARGET_NAME)";
				TEST_HOST = "$(BUILT_PRODUCTS_DIR)/testhuanxin.app/testhuanxin";
			};
			name = Release;
		};
		1906E55A1CB1618D00FB93D5 /* Debug */ = {
			isa = XCBuildConfiguration;
			buildSettings = {
				INFOPLIST_FILE = testhuanxinUITests/Info.plist;
				LD_RUNPATH_SEARCH_PATHS = "$(inherited) @executable_path/Frameworks @loader_path/Frameworks";
				PRODUCT_BUNDLE_IDENTIFIER = apple.testhuanxinUITests;
				PRODUCT_NAME = "$(TARGET_NAME)";
				TEST_TARGET_NAME = testhuanxin;
			};
			name = Debug;
		};
		1906E55B1CB1618D00FB93D5 /* Release */ = {
			isa = XCBuildConfiguration;
			buildSettings = {
				INFOPLIST_FILE = testhuanxinUITests/Info.plist;
				LD_RUNPATH_SEARCH_PATHS = "$(inherited) @executable_path/Frameworks @loader_path/Frameworks";
				PRODUCT_BUNDLE_IDENTIFIER = apple.testhuanxinUITests;
				PRODUCT_NAME = "$(TARGET_NAME)";
				TEST_TARGET_NAME = testhuanxin;
			};
			name = Release;
		};
/* End XCBuildConfiguration section */

/* Begin XCConfigurationList section */
		1906E5211CB1618D00FB93D5 /* Build configuration list for PBXProject "testhuanxin" */ = {
			isa = XCConfigurationList;
			buildConfigurations = (
				1906E5511CB1618D00FB93D5 /* Debug */,
				1906E5521CB1618D00FB93D5 /* Release */,
			);
			defaultConfigurationIsVisible = 0;
			defaultConfigurationName = Release;
		};
		1906E5531CB1618D00FB93D5 /* Build configuration list for PBXNativeTarget "testhuanxin" */ = {
			isa = XCConfigurationList;
			buildConfigurations = (
				1906E5541CB1618D00FB93D5 /* Debug */,
				1906E5551CB1618D00FB93D5 /* Release */,
			);
			defaultConfigurationIsVisible = 0;
			defaultConfigurationName = Release;
		};
		1906E5561CB1618D00FB93D5 /* Build configuration list for PBXNativeTarget "testhuanxinTests" */ = {
			isa = XCConfigurationList;
			buildConfigurations = (
				1906E5571CB1618D00FB93D5 /* Debug */,
				1906E5581CB1618D00FB93D5 /* Release */,
			);
			defaultConfigurationIsVisible = 0;
			defaultConfigurationName = Release;
		};
		1906E5591CB1618D00FB93D5 /* Build configuration list for PBXNativeTarget "testhuanxinUITests" */ = {
			isa = XCConfigurationList;
			buildConfigurations = (
				1906E55A1CB1618D00FB93D5 /* Debug */,
				1906E55B1CB1618D00FB93D5 /* Release */,
			);
			defaultConfigurationIsVisible = 0;
			defaultConfigurationName = Release;
		};
/* End XCConfigurationList section */
	};
	rootObject = 1906E51E1CB1618D00FB93D5 /* Project object */;
}
